<?xml version="1.0" encoding="utf-8"?>
<Project ToolsVersion="4.0" xmlns="http://schemas.microsoft.com/developer/msbuild/2003">
  <ItemGroup>
    <Filter Include="Pliki źródłowe">
      <UniqueIdentifier>{4FC737F1-C7A5-4376-A066-2A32D752A2FF}</UniqueIdentifier>
      <Extensions>cpp;c;cc;cxx;def;odl;idl;hpj;bat;asm;asmx</Extensions>
    </Filter>
    <Filter Include="Pliki nagłówkowe">
      <UniqueIdentifier>{93995380-89BD-4b04-88EB-625FBE52EBFB}</UniqueIdentifier>
      <Extensions>h;hh;hpp;hxx;hm;inl;inc;xsd</Extensions>
    </Filter>
    <Filter Include="Pliki zasobów">
      <UniqueIdentifier>{67DA6AB6-F800-4c08-8B7A-83BB121AAD01}</UniqueIdentifier>
      <Extensions>rc;ico;cur;bmp;dlg;rc2;rct;bin;rgs;gif;jpg;jpeg;jpe;resx;tiff;tif;png;wav;mfcribbon-ms</Extensions>
    </Filter>
    <Filter Include="Pliki nagłówkowe\Items">
      <UniqueIdentifier>{25c78a59-4adb-4cad-86ac-c18e23a189aa}</UniqueIdentifier>
    </Filter>
    <Filter Include="Pliki źródłowe\Items">
      <UniqueIdentifier>{5f20ed50-8bc6-40b6-968c-a8c2cf5d6451}</UniqueIdentifier>
    </Filter>
    <Filter Include="Pliki źródłowe\Items\Implementations">
      <UniqueIdentifier>{a9a6f04e-f66d-4c53-808b-bd3b7469a964}</UniqueIdentifier>
    </Filter>
    <Filter Include="Pliki źródłowe\Items\Implementations\Food">
      <UniqueIdentifier>{435bb232-d0fa-4c5e-a2e6-0f9e025476d9}</UniqueIdentifier>
    </Filter>
    <Filter Include="Pliki źródłowe\Items\Implementations\Wearable">
      <UniqueIdentifier>{ae98ebac-6490-4251-9838-ac026ebe31cf}</UniqueIdentifier>
    </Filter>
    <Filter Include="Pliki źródłowe\Character">
      <UniqueIdentifier>{613a6bdb-dc3c-4b5f-92e0-76e6794d28ed}</UniqueIdentifier>
    </Filter>
    <Filter Include="Pliki nagłówkowe\Character">
      <UniqueIdentifier>{ca2b9861-90e2-4830-918e-ef215249ed61}</UniqueIdentifier>
    </Filter>
    <Filter Include="Pliki nagłówkowe\Exceptions">
      <UniqueIdentifier>{665a9ddf-ccda-4007-9521-669f322994c8}</UniqueIdentifier>
    </Filter>
    <Filter Include="Pliki nagłówkowe\Encounters">
      <UniqueIdentifier>{80d26868-be8d-4fc7-a013-b4ad2722d3ad}</UniqueIdentifier>
    </Filter>
    <Filter Include="Pliki nagłówkowe\Locations">
      <UniqueIdentifier>{ec6627f8-120c-4168-b728-2b605cfa619c}</UniqueIdentifier>
    </Filter>
    <Filter Include="Pliki nagłówkowe\UserInterface">
      <UniqueIdentifier>{bc356d98-7a75-470f-b477-11bc2897f150}</UniqueIdentifier>
    </Filter>
    <Filter Include="Pliki nagłówkowe\UserInterface\Abstraction">
      <UniqueIdentifier>{1dc62c5e-7052-46ca-ad33-d06bfd3003d4}</UniqueIdentifier>
    </Filter>
    <Filter Include="Pliki nagłówkowe\Locations\Abstraction">
      <UniqueIdentifier>{185d1ce2-7a39-44c1-b29b-2fc52a53bfdf}</UniqueIdentifier>
    </Filter>
    <Filter Include="Pliki nagłówkowe\Encounters\Abstraction">
      <UniqueIdentifier>{9aa78bc9-4408-4f56-9157-a8405ff0429a}</UniqueIdentifier>
    </Filter>
    <Filter Include="Pliki nagłówkowe\Encounters\Abstraction\Rewards">
      <UniqueIdentifier>{749a8317-713e-4d53-85d8-944a6cc7349d}</UniqueIdentifier>
    </Filter>
    <Filter Include="Pliki nagłówkowe\Items\Abstraction">
      <UniqueIdentifier>{8f1740d7-15f6-4eeb-8e8c-79eea64b5c92}</UniqueIdentifier>
    </Filter>
    <Filter Include="Pliki nagłówkowe\Items\Implementation">
      <UniqueIdentifier>{c755a74d-327c-412d-92ff-4f804960b587}</UniqueIdentifier>
    </Filter>
    <Filter Include="Pliki nagłówkowe\Items\Implementation\Food">
      <UniqueIdentifier>{e0cd0249-4901-4555-b015-6eda3a1d3770}</UniqueIdentifier>
    </Filter>
    <Filter Include="Pliki nagłówkowe\Items\Implementation\Wearable">
      <UniqueIdentifier>{d7878020-6a2f-4312-871b-9f00c4283c74}</UniqueIdentifier>
    </Filter>
    <Filter Include="Pliki nagłówkowe\Character\Abstraction">
      <UniqueIdentifier>{f0c52270-bc0c-4ddd-8b6d-3a3a75232f62}</UniqueIdentifier>
    </Filter>
    <Filter Include="Pliki nagłówkowe\Character\Implementation">
      <UniqueIdentifier>{d6da672a-bb36-4535-a8fd-8cb86b400854}</UniqueIdentifier>
    </Filter>
    <Filter Include="Pliki nagłówkowe\Character\Abstraction\Opponents">
      <UniqueIdentifier>{6c04a81b-1248-40de-ad0b-0e41470765b4}</UniqueIdentifier>
    </Filter>
    <Filter Include="Pliki nagłówkowe\UserInterface\Implementation">
      <UniqueIdentifier>{b66a9010-3d88-487a-8dff-150d666a61ef}</UniqueIdentifier>
    </Filter>
    <Filter Include="Pliki źródłowe\Character\Abstraction">
      <UniqueIdentifier>{b4b1e7b7-deb5-430b-9b1e-0a288bbd8009}</UniqueIdentifier>
    </Filter>
    <Filter Include="Pliki źródłowe\Character\Implementation">
      <UniqueIdentifier>{83c3e66b-e30d-491e-b40e-a019b34e43b3}</UniqueIdentifier>
    </Filter>
    <Filter Include="Pliki źródłowe\UserInterface">
      <UniqueIdentifier>{f3d33763-6da1-45fc-8dd2-22ad1ca330b4}</UniqueIdentifier>
    </Filter>
    <Filter Include="Pliki źródłowe\UserInterface\Implementation">
      <UniqueIdentifier>{8cd4bc45-00d7-463a-9af8-8fc24a20d143}</UniqueIdentifier>
    </Filter>
    <Filter Include="Pliki nagłówkowe\Character\Abstraction\Factories">
      <UniqueIdentifier>{debf8852-337f-461f-9a7f-0e19ec85d858}</UniqueIdentifier>
    </Filter>
    <Filter Include="Pliki nagłówkowe\Character\Implementation\Opponents">
      <UniqueIdentifier>{ca1bcd34-1135-4b88-8976-857fbdcd5a3a}</UniqueIdentifier>
    </Filter>
    <Filter Include="Pliki źródłowe\Character\Implementation\Opponents">
      <UniqueIdentifier>{89ca1c3d-6418-4cdc-a458-5679b7dc752e}</UniqueIdentifier>
    </Filter>
    <Filter Include="Pliki nagłówkowe\Character\Implementation\Factories">
      <UniqueIdentifier>{570f6756-0127-4f68-b611-3a6cf91e9b32}</UniqueIdentifier>
    </Filter>
    <Filter Include="Pliki źródłowe\Character\Implementation\Factories">
      <UniqueIdentifier>{b09faa6b-7c8c-4d8e-8393-b715ff7b6068}</UniqueIdentifier>
    </Filter>
    <Filter Include="Pliki nagłówkowe\Character\Implementation\Statistics">
      <UniqueIdentifier>{08d09fb4-1e0e-4039-8d8e-2eaa1486a66b}</UniqueIdentifier>
    </Filter>
    <Filter Include="Pliki źródłowe\Character\Implementation\Statistics">
      <UniqueIdentifier>{38caeab2-d61d-49c9-bb65-32107a13fef9}</UniqueIdentifier>
    </Filter>
  </ItemGroup>
  <ItemGroup>
    <Text Include="ReadMe.txt" />
  </ItemGroup>
  <ItemGroup>
    <ClInclude Include="MagicBlueberry.h">
      <Filter>Pliki nagłówkowe\Items\Implementation\Food</Filter>
    </ClInclude>
    <ClInclude Include="Apple.h">
      <Filter>Pliki nagłówkowe\Items\Implementation\Food</Filter>
    </ClInclude>
    <ClInclude Include="Bread.h">
      <Filter>Pliki nagłówkowe\Items\Implementation\Food</Filter>
    </ClInclude>
    <ClInclude Include="Helmet.h">
      <Filter>Pliki nagłówkowe\Items\Implementation\Wearable</Filter>
    </ClInclude>
    <ClInclude Include="Chestplate.h">
      <Filter>Pliki nagłówkowe\Items\Implementation\Wearable</Filter>
    </ClInclude>
    <ClInclude Include="MagicBoots.h">
      <Filter>Pliki nagłówkowe\Items\Implementation\Wearable</Filter>
    </ClInclude>
    <ClInclude Include="ItemNotWearableException.h">
      <Filter>Pliki nagłówkowe\Exceptions</Filter>
    </ClInclude>
    <ClInclude Include="EquipmentOutOfRangeException.h">
      <Filter>Pliki nagłówkowe\Exceptions</Filter>
    </ClInclude>
    <ClInclude Include="Reward.h">
      <Filter>Pliki nagłówkowe\Encounters\Abstraction\Rewards</Filter>
    </ClInclude>
    <ClInclude Include="Opponent.h">
      <Filter>Pliki nagłówkowe\Character\Abstraction\Opponents</Filter>
    </ClInclude>
    <ClInclude Include="UserInterface.h">
      <Filter>Pliki nagłówkowe\UserInterface\Abstraction</Filter>
    </ClInclude>
    <ClInclude Include="Location.h">
      <Filter>Pliki nagłówkowe\Locations\Abstraction</Filter>
    </ClInclude>
    <ClInclude Include="Battle.h">
      <Filter>Pliki nagłówkowe\Encounters\Abstraction</Filter>
    </ClInclude>
    <ClInclude Include="Encounter.h">
      <Filter>Pliki nagłówkowe\Encounters\Abstraction</Filter>
    </ClInclude>
    <ClInclude Include="Shop.h">
      <Filter>Pliki nagłówkowe\Encounters\Abstraction</Filter>
    </ClInclude>
    <ClInclude Include="Food.h">
      <Filter>Pliki nagłówkowe\Items\Abstraction</Filter>
    </ClInclude>
    <ClInclude Include="Item.h">
      <Filter>Pliki nagłówkowe\Items\Abstraction</Filter>
    </ClInclude>
    <ClInclude Include="Wearable.h">
      <Filter>Pliki nagłówkowe\Items\Abstraction</Filter>
    </ClInclude>
    <ClInclude Include="Equipment.h">
      <Filter>Pliki nagłówkowe\Character\Implementation</Filter>
    </ClInclude>
    <ClInclude Include="Character.h">
      <Filter>Pliki nagłówkowe\Character\Abstraction</Filter>
    </ClInclude>
    <ClInclude Include="ConsoleUserInterface.h">
      <Filter>Pliki nagłówkowe\UserInterface\Implementation</Filter>
    </ClInclude>
    <ClInclude Include="CharacterFactory.h">
      <Filter>Pliki nagłówkowe\Character\Abstraction\Factories</Filter>
    </ClInclude>
    <ClInclude Include="GiantWasp.h">
      <Filter>Pliki nagłówkowe\Character\Implementation\Opponents</Filter>
    </ClInclude>
    <ClInclude Include="Orc.h">
      <Filter>Pliki nagłówkowe\Character\Implementation\Opponents</Filter>
    </ClInclude>
    <ClInclude Include="MysteriousWizard.h">
      <Filter>Pliki nagłówkowe\Character\Implementation\Opponents</Filter>
    </ClInclude>
    <ClInclude Include="Warrior.h">
      <Filter>Pliki nagłówkowe\Character\Implementation</Filter>
    </ClInclude>
    <ClInclude Include="OrcFactory.h">
      <Filter>Pliki nagłówkowe\Character\Implementation\Factories</Filter>
    </ClInclude>
    <ClInclude Include="GiantWaspFactory.h">
      <Filter>Pliki nagłówkowe\Character\Implementation\Factories</Filter>
    </ClInclude>
    <ClInclude Include="MysteriousWizardFactory.h">
      <Filter>Pliki nagłówkowe\Character\Implementation\Factories</Filter>
    </ClInclude>
    <ClInclude Include="MadCharacter.h">
      <Filter>Pliki nagłówkowe\Character\Implementation\Opponents</Filter>
    </ClInclude>
    <ClInclude Include="StatisticsFactory.h">
      <Filter>Pliki nagłówkowe\Character\Implementation\Statistics</Filter>
    </ClInclude>
    <ClInclude Include="Statistics.h">
      <Filter>Pliki nagłówkowe\Character\Implementation\Statistics</Filter>
    </ClInclude>
  </ItemGroup>
  <ItemGroup>
    <ClCompile Include="RPG.cpp">
      <Filter>Pliki źródłowe</Filter>
    </ClCompile>
    <ClCompile Include="AssemblyInfo.cpp">
      <Filter>Pliki źródłowe</Filter>
    </ClCompile>
    <ClCompile Include="Food.cpp">
      <Filter>Pliki źródłowe\Items</Filter>
    </ClCompile>
    <ClCompile Include="Wearable.cpp">
      <Filter>Pliki źródłowe\Items</Filter>
    </ClCompile>
    <ClCompile Include="MagicBlueberry.cpp">
      <Filter>Pliki źródłowe\Items\Implementations\Food</Filter>
    </ClCompile>
    <ClCompile Include="Apple.cpp">
      <Filter>Pliki źródłowe\Items\Implementations\Food</Filter>
    </ClCompile>
    <ClCompile Include="Bread.cpp">
      <Filter>Pliki źródłowe\Items\Implementations\Food</Filter>
    </ClCompile>
    <ClCompile Include="Helmet.cpp">
      <Filter>Pliki źródłowe\Items\Implementations\Wearable</Filter>
    </ClCompile>
    <ClCompile Include="Chestplate.cpp">
      <Filter>Pliki źródłowe\Items\Implementations\Wearable</Filter>
    </ClCompile>
    <ClCompile Include="MagicBoots.cpp">
      <Filter>Pliki źródłowe\Items\Implementations\Wearable</Filter>
    </ClCompile>
    <ClCompile Include="Character.cpp">
      <Filter>Pliki źródłowe\Character\Abstraction</Filter>
    </ClCompile>
    <ClCompile Include="Equipment.cpp">
      <Filter>Pliki źródłowe\Character\Implementation</Filter>
    </ClCompile>
    <ClCompile Include="ConsoleUserInterface.cpp">
      <Filter>Pliki źródłowe\UserInterface\Implementation</Filter>
    </ClCompile>
    <ClCompile Include="Opponent.cpp">
      <Filter>Pliki źródłowe\Character\Abstraction</Filter>
    </ClCompile>
    <ClCompile Include="Orc.cpp">
      <Filter>Pliki źródłowe\Character\Implementation\Opponents</Filter>
    </ClCompile>
    <ClCompile Include="GiantWasp.cpp">
      <Filter>Pliki źródłowe\Character\Implementation\Opponents</Filter>
    </ClCompile>
    <ClCompile Include="MysteriousWizard.cpp">
      <Filter>Pliki źródłowe\Character\Implementation\Opponents</Filter>
    </ClCompile>
    <ClCompile Include="Warrior.cpp">
      <Filter>Pliki źródłowe\Character\Implementation</Filter>
    </ClCompile>
    <ClCompile Include="GiantWaspFactory.cpp">
      <Filter>Pliki źródłowe\Character\Implementation\Factories</Filter>
    </ClCompile>
    <ClCompile Include="OrcFactory.cpp">
      <Filter>Pliki źródłowe\Character\Implementation\Factories</Filter>
    </ClCompile>
    <ClCompile Include="Statistics.cpp">
      <Filter>Pliki źródłowe\Character\Implementation\Statistics</Filter>
    </ClCompile>
    <ClCompile Include="StatisticsFactory.cpp">
      <Filter>Pliki źródłowe\Character\Implementation\Statistics</Filter>
    </ClCompile>
  </ItemGroup>
</Project>