<?xml version="1.0" encoding="utf-8"?>
<Project ToolsVersion="4.0" xmlns="http://schemas.microsoft.com/developer/msbuild/2003">
  <ItemGroup>
    <Filter Include="Pliki źródłowe">
      <UniqueIdentifier>{4FC737F1-C7A5-4376-A066-2A32D752A2FF}</UniqueIdentifier>
      <Extensions>cpp;c;cc;cxx;def;odl;idl;hpj;bat;asm;asmx</Extensions>
    </Filter>
    <Filter Include="Pliki nagłówkowe">
      <UniqueIdentifier>{93995380-89BD-4b04-88EB-625FBE52EBFB}</UniqueIdentifier>
      <Extensions>h;hh;hpp;hxx;hm;inl;inc;xsd</Extensions>
    </Filter>
    <Filter Include="Pliki zasobów">
      <UniqueIdentifier>{67DA6AB6-F800-4c08-8B7A-83BB121AAD01}</UniqueIdentifier>
      <Extensions>rc;ico;cur;bmp;dlg;rc2;rct;bin;rgs;gif;jpg;jpeg;jpe;resx;tiff;tif;png;wav;mfcribbon-ms</Extensions>
    </Filter>
    <Filter Include="Pliki nagłówkowe\Items">
      <UniqueIdentifier>{25c78a59-4adb-4cad-86ac-c18e23a189aa}</UniqueIdentifier>
    </Filter>
    <Filter Include="Pliki źródłowe\Items">
      <UniqueIdentifier>{5f20ed50-8bc6-40b6-968c-a8c2cf5d6451}</UniqueIdentifier>
    </Filter>
    <Filter Include="Pliki źródłowe\Character">
      <UniqueIdentifier>{613a6bdb-dc3c-4b5f-92e0-76e6794d28ed}</UniqueIdentifier>
    </Filter>
    <Filter Include="Pliki nagłówkowe\Character">
      <UniqueIdentifier>{ca2b9861-90e2-4830-918e-ef215249ed61}</UniqueIdentifier>
    </Filter>
    <Filter Include="Pliki nagłówkowe\Exceptions">
      <UniqueIdentifier>{665a9ddf-ccda-4007-9521-669f322994c8}</UniqueIdentifier>
    </Filter>
    <Filter Include="Pliki nagłówkowe\Encounters">
      <UniqueIdentifier>{80d26868-be8d-4fc7-a013-b4ad2722d3ad}</UniqueIdentifier>
    </Filter>
    <Filter Include="Pliki nagłówkowe\Locations">
      <UniqueIdentifier>{ec6627f8-120c-4168-b728-2b605cfa619c}</UniqueIdentifier>
    </Filter>
    <Filter Include="Pliki nagłówkowe\UserInterface">
      <UniqueIdentifier>{bc356d98-7a75-470f-b477-11bc2897f150}</UniqueIdentifier>
    </Filter>
    <Filter Include="Pliki nagłówkowe\UserInterface\Abstraction">
      <UniqueIdentifier>{1dc62c5e-7052-46ca-ad33-d06bfd3003d4}</UniqueIdentifier>
    </Filter>
    <Filter Include="Pliki nagłówkowe\Locations\Abstraction">
      <UniqueIdentifier>{185d1ce2-7a39-44c1-b29b-2fc52a53bfdf}</UniqueIdentifier>
    </Filter>
    <Filter Include="Pliki nagłówkowe\Encounters\Abstraction">
      <UniqueIdentifier>{9aa78bc9-4408-4f56-9157-a8405ff0429a}</UniqueIdentifier>
    </Filter>
    <Filter Include="Pliki nagłówkowe\Encounters\Abstraction\Rewards">
      <UniqueIdentifier>{749a8317-713e-4d53-85d8-944a6cc7349d}</UniqueIdentifier>
    </Filter>
    <Filter Include="Pliki nagłówkowe\Items\Abstraction">
      <UniqueIdentifier>{8f1740d7-15f6-4eeb-8e8c-79eea64b5c92}</UniqueIdentifier>
    </Filter>
    <Filter Include="Pliki nagłówkowe\Items\Implementation">
      <UniqueIdentifier>{c755a74d-327c-412d-92ff-4f804960b587}</UniqueIdentifier>
    </Filter>
    <Filter Include="Pliki nagłówkowe\Items\Implementation\Food">
      <UniqueIdentifier>{e0cd0249-4901-4555-b015-6eda3a1d3770}</UniqueIdentifier>
    </Filter>
    <Filter Include="Pliki nagłówkowe\Items\Implementation\Wearable">
      <UniqueIdentifier>{d7878020-6a2f-4312-871b-9f00c4283c74}</UniqueIdentifier>
    </Filter>
    <Filter Include="Pliki nagłówkowe\Character\Abstraction">
      <UniqueIdentifier>{f0c52270-bc0c-4ddd-8b6d-3a3a75232f62}</UniqueIdentifier>
    </Filter>
    <Filter Include="Pliki nagłówkowe\Character\Implementation">
      <UniqueIdentifier>{d6da672a-bb36-4535-a8fd-8cb86b400854}</UniqueIdentifier>
    </Filter>
    <Filter Include="Pliki nagłówkowe\Character\Abstraction\Opponents">
      <UniqueIdentifier>{6c04a81b-1248-40de-ad0b-0e41470765b4}</UniqueIdentifier>
    </Filter>
    <Filter Include="Pliki nagłówkowe\UserInterface\Implementation">
      <UniqueIdentifier>{b66a9010-3d88-487a-8dff-150d666a61ef}</UniqueIdentifier>
    </Filter>
    <Filter Include="Pliki źródłowe\Character\Abstraction">
      <UniqueIdentifier>{b4b1e7b7-deb5-430b-9b1e-0a288bbd8009}</UniqueIdentifier>
    </Filter>
    <Filter Include="Pliki źródłowe\Character\Implementation">
      <UniqueIdentifier>{83c3e66b-e30d-491e-b40e-a019b34e43b3}</UniqueIdentifier>
    </Filter>
    <Filter Include="Pliki źródłowe\UserInterface">
      <UniqueIdentifier>{f3d33763-6da1-45fc-8dd2-22ad1ca330b4}</UniqueIdentifier>
    </Filter>
    <Filter Include="Pliki źródłowe\UserInterface\Implementation">
      <UniqueIdentifier>{8cd4bc45-00d7-463a-9af8-8fc24a20d143}</UniqueIdentifier>
    </Filter>
    <Filter Include="Pliki nagłówkowe\Character\Abstraction\Factories">
      <UniqueIdentifier>{debf8852-337f-461f-9a7f-0e19ec85d858}</UniqueIdentifier>
    </Filter>
    <Filter Include="Pliki nagłówkowe\Character\Implementation\Opponents">
      <UniqueIdentifier>{ca1bcd34-1135-4b88-8976-857fbdcd5a3a}</UniqueIdentifier>
    </Filter>
    <Filter Include="Pliki źródłowe\Character\Implementation\Opponents">
      <UniqueIdentifier>{89ca1c3d-6418-4cdc-a458-5679b7dc752e}</UniqueIdentifier>
    </Filter>
    <Filter Include="Pliki nagłówkowe\Character\Implementation\Factories">
      <UniqueIdentifier>{570f6756-0127-4f68-b611-3a6cf91e9b32}</UniqueIdentifier>
    </Filter>
    <Filter Include="Pliki źródłowe\Character\Implementation\Factories">
      <UniqueIdentifier>{b09faa6b-7c8c-4d8e-8393-b715ff7b6068}</UniqueIdentifier>
    </Filter>
    <Filter Include="Pliki nagłówkowe\Character\Implementation\Statistics">
      <UniqueIdentifier>{08d09fb4-1e0e-4039-8d8e-2eaa1486a66b}</UniqueIdentifier>
    </Filter>
    <Filter Include="Pliki źródłowe\Character\Implementation\Statistics">
      <UniqueIdentifier>{38caeab2-d61d-49c9-bb65-32107a13fef9}</UniqueIdentifier>
    </Filter>
    <Filter Include="Pliki źródłowe\Encounters">
      <UniqueIdentifier>{3e1645bb-ee58-4506-91b0-33fbc73d318c}</UniqueIdentifier>
    </Filter>
    <Filter Include="Pliki źródłowe\Encounters\Abstraction">
      <UniqueIdentifier>{5bd55f16-3cf6-4db6-8909-d2b941ec2154}</UniqueIdentifier>
    </Filter>
    <Filter Include="Pliki nagłówkowe\Encounters\Implementation">
      <UniqueIdentifier>{d6dc4464-06ac-4133-b62f-b6c8146114ca}</UniqueIdentifier>
    </Filter>
    <Filter Include="Pliki źródłowe\Encounters\Implementation">
      <UniqueIdentifier>{ee74ebec-9a7e-4025-b59d-cdca7e18e72c}</UniqueIdentifier>
    </Filter>
    <Filter Include="Pliki nagłówkowe\Encounters\Implementation\Battles">
      <UniqueIdentifier>{4b813864-ee08-498e-8bb5-d14d1b2b0e5e}</UniqueIdentifier>
    </Filter>
    <Filter Include="Pliki źródłowe\Encounters\Implementation\Battles">
      <UniqueIdentifier>{f7bd5ae5-2114-4df1-b4f5-9d480e6eaaaf}</UniqueIdentifier>
    </Filter>
    <Filter Include="Pliki nagłówkowe\Exceptions\Equipment">
      <UniqueIdentifier>{9cfb2b01-347b-463a-9222-00a84fa446f8}</UniqueIdentifier>
    </Filter>
    <Filter Include="Pliki nagłówkowe\Exceptions\Player">
      <UniqueIdentifier>{eb11ee9a-898c-444b-9015-629d603e0e30}</UniqueIdentifier>
    </Filter>
    <Filter Include="Pliki źródłowe\Items\Abstraction">
      <UniqueIdentifier>{2ce6cb8a-d450-4754-ab7d-ad4e3bad53c2}</UniqueIdentifier>
    </Filter>
    <Filter Include="Pliki źródłowe\Items\Implementations">
      <UniqueIdentifier>{a9a6f04e-f66d-4c53-808b-bd3b7469a964}</UniqueIdentifier>
    </Filter>
    <Filter Include="Pliki źródłowe\Items\Implementations\Food">
      <UniqueIdentifier>{435bb232-d0fa-4c5e-a2e6-0f9e025476d9}</UniqueIdentifier>
    </Filter>
    <Filter Include="Pliki źródłowe\Items\Implementations\Wearable">
      <UniqueIdentifier>{ae98ebac-6490-4251-9838-ac026ebe31cf}</UniqueIdentifier>
    </Filter>
    <Filter Include="Pliki nagłówkowe\Game">
      <UniqueIdentifier>{895015f4-a8da-4add-bd8a-7481e4e1a6a4}</UniqueIdentifier>
    </Filter>
    <Filter Include="Pliki nagłówkowe\Game\Abstraction">
      <UniqueIdentifier>{0c1652db-3801-4569-81c3-ed10f8422fc1}</UniqueIdentifier>
    </Filter>
    <Filter Include="Pliki nagłówkowe\Game\Implementation">
      <UniqueIdentifier>{0286868f-5e85-419d-bc9d-a41c031fea97}</UniqueIdentifier>
    </Filter>
    <Filter Include="Pliki źródłowe\Game">
      <UniqueIdentifier>{7fffce85-044c-40a0-92f8-c3f58f3abbf8}</UniqueIdentifier>
    </Filter>
    <Filter Include="Pliki źródłowe\Game\Abstraction">
      <UniqueIdentifier>{fbb15c7f-296d-4d2f-810e-61e46e64eaaf}</UniqueIdentifier>
    </Filter>
    <Filter Include="Pliki źródłowe\Locations">
      <UniqueIdentifier>{b1f05546-51bd-4407-8a74-c5e4a9702942}</UniqueIdentifier>
    </Filter>
    <Filter Include="Pliki źródłowe\Locations\Abstraction">
      <UniqueIdentifier>{a2b3cf41-f565-4003-88e4-58b15a851a3e}</UniqueIdentifier>
    </Filter>
    <Filter Include="Pliki źródłowe\Game\Implementation">
      <UniqueIdentifier>{522461cd-c052-4770-8094-74d66acef249}</UniqueIdentifier>
    </Filter>
    <Filter Include="Pliki nagłówkowe\Encounters\Implementation\Rewards">
      <UniqueIdentifier>{5f336527-0499-4b10-87f4-5877d5e427a0}</UniqueIdentifier>
    </Filter>
    <Filter Include="Pliki źródłowe\Encounters\Implementation\Rewards">
      <UniqueIdentifier>{67309146-f296-48c8-942f-340508177d0d}</UniqueIdentifier>
    </Filter>
    <Filter Include="Pliki nagłówkowe\Locations\Implementation">
      <UniqueIdentifier>{2a050b85-a375-4050-b680-c4292215333c}</UniqueIdentifier>
    </Filter>
    <Filter Include="Pliki źródłowe\Locations\Implementation">
      <UniqueIdentifier>{a10ed0b5-4c44-40f1-81dc-9ec89ea2698b}</UniqueIdentifier>
    </Filter>
    <Filter Include="Pliki nagłówkowe\Encounters\Implementation\Shops">
      <UniqueIdentifier>{8ce4a73e-a7a8-44a2-8e32-cd958240c43d}</UniqueIdentifier>
    </Filter>
    <Filter Include="Pliki nagłówkowe\Encounters\Abstraction\Shops">
      <UniqueIdentifier>{bc8fcd9f-54cf-4aec-9f15-bdf2f4ed707e}</UniqueIdentifier>
    </Filter>
    <Filter Include="Pliki źródłowe\Encounters\Implementation\Shops">
      <UniqueIdentifier>{e6e8d573-e05e-4220-90d1-17042c5141a8}</UniqueIdentifier>
    </Filter>
    <Filter Include="Pliki nagłówkowe\Encounters\Abstraction\Battles">
      <UniqueIdentifier>{a0a62c3a-6322-451c-b238-f2bd6d428ca8}</UniqueIdentifier>
    </Filter>
    <Filter Include="Pliki nagłówkowe\Achievements">
      <UniqueIdentifier>{d3eb1d84-5da7-4768-8b14-aac03058de5f}</UniqueIdentifier>
    </Filter>
    <Filter Include="Pliki źródłowe\Achievements">
      <UniqueIdentifier>{cf6505e6-6a32-4526-a653-4f430bd06570}</UniqueIdentifier>
    </Filter>
    <Filter Include="Pliki nagłówkowe\Achievements\Abstraction">
      <UniqueIdentifier>{624545c6-c600-4105-b233-8bed8387fc87}</UniqueIdentifier>
    </Filter>
    <Filter Include="Pliki nagłówkowe\Achievements\Implementation">
      <UniqueIdentifier>{45c02532-8138-490a-878b-b5c49a1f36d6}</UniqueIdentifier>
    </Filter>
    <Filter Include="Pliki źródłowe\Achievements\Abstraction">
      <UniqueIdentifier>{df873ceb-9c53-41c9-9494-a13ba7efa59d}</UniqueIdentifier>
    </Filter>
    <Filter Include="Pliki źródłowe\Achievements\Implementation">
      <UniqueIdentifier>{843b542b-5be0-4198-9b18-125727c63317}</UniqueIdentifier>
    </Filter>
    <Filter Include="- Bartek Piekarz">
      <UniqueIdentifier>{365d8965-2085-4597-8481-c78aca301bad}</UniqueIdentifier>
    </Filter>
    <Filter Include="- Aga">
      <UniqueIdentifier>{8b870b63-7ea5-4a1d-a452-288fefa31fa0}</UniqueIdentifier>
    </Filter>
    <Filter Include="- Karina">
      <UniqueIdentifier>{4c14740e-a678-4a2d-ba9f-7cb3e62ebb9c}</UniqueIdentifier>
    </Filter>
    <Filter Include="- Aga\Opponents">
      <UniqueIdentifier>{47f07a50-a50c-4229-88b0-56359c708b73}</UniqueIdentifier>
    </Filter>
    <Filter Include="- Aga\Encounters">
      <UniqueIdentifier>{04703139-2d28-486c-9540-86ca28dca3a5}</UniqueIdentifier>
    </Filter>
    <Filter Include="- Karina\Items">
      <UniqueIdentifier>{1c92157c-1a63-414b-bf3b-1978a58e8fe4}</UniqueIdentifier>
    </Filter>
    <Filter Include="- Karina\Rewards">
      <UniqueIdentifier>{d5159e5e-1c5b-45a1-b1fc-f0c20c377714}</UniqueIdentifier>
    </Filter>
    <Filter Include="- Bartek Piekarz\Rewards">
      <UniqueIdentifier>{12d9d0b1-ce3e-4e3e-a3c2-942a4d42fb80}</UniqueIdentifier>
    </Filter>
  </ItemGroup>
  <ItemGroup>
    <Text Include="ReadMe.txt" />
    <Text Include="ConfigFiles\BasicBattle.txt">
      <Filter>Pliki zasobów</Filter>
    </Text>
    <Text Include="ConfigFiles\BattleWithRetreat.txt">
      <Filter>Pliki zasobów</Filter>
    </Text>
    <Text Include="ConfigFiles\Location.txt">
      <Filter>Pliki zasobów</Filter>
    </Text>
    <Text Include="ConfigFiles\Shop.txt">
      <Filter>Pliki zasobów</Filter>
    </Text>
  </ItemGroup>
  <ItemGroup>
    <ClInclude Include="MagicBlueberry.h">
      <Filter>Pliki nagłówkowe\Items\Implementation\Food</Filter>
    </ClInclude>
    <ClInclude Include="Apple.h">
      <Filter>Pliki nagłówkowe\Items\Implementation\Food</Filter>
    </ClInclude>
    <ClInclude Include="Bread.h">
      <Filter>Pliki nagłówkowe\Items\Implementation\Food</Filter>
    </ClInclude>
    <ClInclude Include="Helmet.h">
      <Filter>Pliki nagłówkowe\Items\Implementation\Wearable</Filter>
    </ClInclude>
    <ClInclude Include="Chestplate.h">
      <Filter>Pliki nagłówkowe\Items\Implementation\Wearable</Filter>
    </ClInclude>
    <ClInclude Include="MagicBoots.h">
      <Filter>Pliki nagłówkowe\Items\Implementation\Wearable</Filter>
    </ClInclude>
    <ClInclude Include="Equipment.h">
      <Filter>Pliki nagłówkowe\Character\Implementation</Filter>
    </ClInclude>
    <ClInclude Include="ConsoleUserInterface.h">
      <Filter>Pliki nagłówkowe\UserInterface\Implementation</Filter>
    </ClInclude>
    <ClInclude Include="GiantWasp.h">
      <Filter>Pliki nagłówkowe\Character\Implementation\Opponents</Filter>
    </ClInclude>
    <ClInclude Include="Orc.h">
      <Filter>Pliki nagłówkowe\Character\Implementation\Opponents</Filter>
    </ClInclude>
    <ClInclude Include="MysteriousWizard.h">
      <Filter>Pliki nagłówkowe\Character\Implementation\Opponents</Filter>
    </ClInclude>
    <ClInclude Include="Warrior.h">
      <Filter>Pliki nagłówkowe\Character\Implementation</Filter>
    </ClInclude>
    <ClInclude Include="OrcFactory.h">
      <Filter>Pliki nagłówkowe\Character\Implementation\Factories</Filter>
    </ClInclude>
    <ClInclude Include="GiantWaspFactory.h">
      <Filter>Pliki nagłówkowe\Character\Implementation\Factories</Filter>
    </ClInclude>
    <ClInclude Include="MysteriousWizardFactory.h">
      <Filter>Pliki nagłówkowe\Character\Implementation\Factories</Filter>
    </ClInclude>
    <ClInclude Include="MadCharacter.h">
      <Filter>Pliki nagłówkowe\Character\Implementation\Opponents</Filter>
    </ClInclude>
    <ClInclude Include="StatisticsFactory.h">
      <Filter>Pliki nagłówkowe\Character\Implementation\Statistics</Filter>
    </ClInclude>
    <ClInclude Include="Statistics.h">
      <Filter>Pliki nagłówkowe\Character\Implementation\Statistics</Filter>
    </ClInclude>
    <ClInclude Include="BasicBattle.h">
      <Filter>Pliki nagłówkowe\Encounters\Implementation\Battles</Filter>
    </ClInclude>
    <ClInclude Include="BattleWithRetreat.h">
      <Filter>Pliki nagłówkowe\Encounters\Implementation\Battles</Filter>
    </ClInclude>
    <ClInclude Include="EquipmentOutOfRangeException.h">
      <Filter>Pliki nagłówkowe\Exceptions\Equipment</Filter>
    </ClInclude>
    <ClInclude Include="ItemNotWearableException.h">
      <Filter>Pliki nagłówkowe\Exceptions\Equipment</Filter>
    </ClInclude>
    <ClInclude Include="PlayerDeadException.h">
      <Filter>Pliki nagłówkowe\Exceptions\Player</Filter>
    </ClInclude>
    <ClInclude Include="PlayerRetreatException.h">
      <Filter>Pliki nagłówkowe\Exceptions\Player</Filter>
    </ClInclude>
    <ClInclude Include="ILocation.h">
      <Filter>Pliki nagłówkowe\Locations\Abstraction</Filter>
    </ClInclude>
    <ClInclude Include="IEncounter.h">
      <Filter>Pliki nagłówkowe\Encounters\Abstraction</Filter>
    </ClInclude>
    <ClInclude Include="IOpponent.h">
      <Filter>Pliki nagłówkowe\Character\Abstraction\Opponents</Filter>
    </ClInclude>
    <ClInclude Include="ICharacter.h">
      <Filter>Pliki nagłówkowe\Character\Abstraction</Filter>
    </ClInclude>
    <ClInclude Include="ICharacterFactory.h">
      <Filter>Pliki nagłówkowe\Character\Abstraction\Factories</Filter>
    </ClInclude>
    <ClInclude Include="IReward.h">
      <Filter>Pliki nagłówkowe\Encounters\Abstraction\Rewards</Filter>
    </ClInclude>
    <ClInclude Include="IFood.h">
      <Filter>Pliki nagłówkowe\Items\Abstraction</Filter>
    </ClInclude>
    <ClInclude Include="IItem.h">
      <Filter>Pliki nagłówkowe\Items\Abstraction</Filter>
    </ClInclude>
    <ClInclude Include="IWearable.h">
      <Filter>Pliki nagłówkowe\Items\Abstraction</Filter>
    </ClInclude>
    <ClInclude Include="IUserInterface.h">
      <Filter>Pliki nagłówkowe\UserInterface\Abstraction</Filter>
    </ClInclude>
    <ClInclude Include="IGame.h">
      <Filter>Pliki nagłówkowe\Game\Abstraction</Filter>
    </ClInclude>
    <ClInclude Include="IMap.h">
      <Filter>Pliki nagłówkowe\Game\Abstraction</Filter>
    </ClInclude>
    <ClInclude Include="Game.h">
      <Filter>Pliki nagłówkowe\Game\Implementation</Filter>
    </ClInclude>
    <ClInclude Include="Map.h">
      <Filter>Pliki nagłówkowe\Game\Implementation</Filter>
    </ClInclude>
    <ClInclude Include="GoldReward.h">
      <Filter>Pliki nagłówkowe\Encounters\Implementation\Rewards</Filter>
    </ClInclude>
    <ClInclude Include="ItemReward.h">
      <Filter>Pliki nagłówkowe\Encounters\Implementation\Rewards</Filter>
    </ClInclude>
    <ClInclude Include="TitledCharacter.h">
      <Filter>Pliki nagłówkowe\Character\Implementation</Filter>
    </ClInclude>
    <ClInclude Include="ICharacterDecorator.h">
      <Filter>Pliki nagłówkowe\Character\Abstraction</Filter>
    </ClInclude>
    <ClInclude Include="TitleReward.h">
      <Filter>Pliki nagłówkowe\Encounters\Implementation\Rewards</Filter>
    </ClInclude>
    <ClInclude Include="Location.h">
      <Filter>Pliki nagłówkowe\Locations\Implementation</Filter>
    </ClInclude>
    <ClInclude Include="Shop.h">
      <Filter>Pliki nagłówkowe\Encounters\Implementation\Shops</Filter>
    </ClInclude>
    <ClInclude Include="ShopFactory.h">
      <Filter>Pliki nagłówkowe\Encounters\Implementation\Shops</Filter>
    </ClInclude>
    <ClInclude Include="IShop.h">
      <Filter>Pliki nagłówkowe\Encounters\Abstraction\Shops</Filter>
    </ClInclude>
    <ClInclude Include="IShopFactory.h">
      <Filter>Pliki nagłówkowe\Encounters\Abstraction\Shops</Filter>
    </ClInclude>
    <ClInclude Include="IBattle.h">
      <Filter>Pliki nagłówkowe\Encounters\Abstraction\Battles</Filter>
    </ClInclude>
    <ClInclude Include="IBattleFactory.h">
      <Filter>Pliki nagłówkowe\Encounters\Abstraction\Battles</Filter>
    </ClInclude>
    <ClInclude Include="BattleFactory.h">
      <Filter>Pliki nagłówkowe\Encounters\Implementation\Battles</Filter>
    </ClInclude>
    <ClInclude Include="IAchievementListener.h">
      <Filter>Pliki nagłówkowe\Achievements\Abstraction</Filter>
    </ClInclude>
    <ClInclude Include="KillCountManager.h">
      <Filter>Pliki nagłówkowe\Achievements\Implementation</Filter>
    </ClInclude>
    <ClInclude Include="WinFormsUserInterface.h">
      <Filter>Pliki nagłówkowe\UserInterface\Implementation</Filter>
    </ClInclude>
    <ClInclude Include="IAchievementManager.h">
      <Filter>Pliki nagłówkowe\Achievements\Abstraction</Filter>
    </ClInclude>
    <ClInclude Include="AskQuestion.h">
      <Filter>Pliki nagłówkowe\UserInterface\Implementation</Filter>
    </ClInclude>
    <ClInclude Include="Vampire.h">
      <Filter>- Aga\Opponents</Filter>
    </ClInclude>
    <ClInclude Include="Battle1.h">
      <Filter>- Aga\Encounters</Filter>
    </ClInclude>
    <ClInclude Include="Shop1.h">
      <Filter>- Aga\Encounters</Filter>
    </ClInclude>
    <ClInclude Include="Amulet.h">
      <Filter>- Karina\Items</Filter>
    </ClInclude>
    <ClInclude Include="AmuletAdapter.h">
      <Filter>- Karina</Filter>
    </ClInclude>
    <ClInclude Include="Chocolates.h">
      <Filter>- Karina\Items</Filter>
    </ClInclude>
    <ClInclude Include="ChocolatesAdapter.h">
      <Filter>- Karina</Filter>
    </ClInclude>
    <ClInclude Include="RewardStatistics.h">
      <Filter>- Karina\Rewards</Filter>
    </ClInclude>
    <ClInclude Include="Witch.h">
      <Filter>- Aga\Opponents</Filter>
    </ClInclude>
    <ClInclude Include="RewardGold.h">
      <Filter>- Bartek Piekarz\Rewards</Filter>
    </ClInclude>
  </ItemGroup>
  <ItemGroup>
    <ClCompile Include="RPG.cpp">
      <Filter>Pliki źródłowe</Filter>
    </ClCompile>
    <ClCompile Include="AssemblyInfo.cpp">
      <Filter>Pliki źródłowe</Filter>
    </ClCompile>
    <ClCompile Include="MagicBlueberry.cpp">
      <Filter>Pliki źródłowe\Items\Implementations\Food</Filter>
    </ClCompile>
    <ClCompile Include="Apple.cpp">
      <Filter>Pliki źródłowe\Items\Implementations\Food</Filter>
    </ClCompile>
    <ClCompile Include="Bread.cpp">
      <Filter>Pliki źródłowe\Items\Implementations\Food</Filter>
    </ClCompile>
    <ClCompile Include="Helmet.cpp">
      <Filter>Pliki źródłowe\Items\Implementations\Wearable</Filter>
    </ClCompile>
    <ClCompile Include="Chestplate.cpp">
      <Filter>Pliki źródłowe\Items\Implementations\Wearable</Filter>
    </ClCompile>
    <ClCompile Include="MagicBoots.cpp">
      <Filter>Pliki źródłowe\Items\Implementations\Wearable</Filter>
    </ClCompile>
    <ClCompile Include="Equipment.cpp">
      <Filter>Pliki źródłowe\Character\Implementation</Filter>
    </ClCompile>
    <ClCompile Include="ConsoleUserInterface.cpp">
      <Filter>Pliki źródłowe\UserInterface\Implementation</Filter>
    </ClCompile>
    <ClCompile Include="Orc.cpp">
      <Filter>Pliki źródłowe\Character\Implementation\Opponents</Filter>
    </ClCompile>
    <ClCompile Include="GiantWasp.cpp">
      <Filter>Pliki źródłowe\Character\Implementation\Opponents</Filter>
    </ClCompile>
    <ClCompile Include="MysteriousWizard.cpp">
      <Filter>Pliki źródłowe\Character\Implementation\Opponents</Filter>
    </ClCompile>
    <ClCompile Include="Warrior.cpp">
      <Filter>Pliki źródłowe\Character\Implementation</Filter>
    </ClCompile>
    <ClCompile Include="GiantWaspFactory.cpp">
      <Filter>Pliki źródłowe\Character\Implementation\Factories</Filter>
    </ClCompile>
    <ClCompile Include="OrcFactory.cpp">
      <Filter>Pliki źródłowe\Character\Implementation\Factories</Filter>
    </ClCompile>
    <ClCompile Include="Statistics.cpp">
      <Filter>Pliki źródłowe\Character\Implementation\Statistics</Filter>
    </ClCompile>
    <ClCompile Include="StatisticsFactory.cpp">
      <Filter>Pliki źródłowe\Character\Implementation\Statistics</Filter>
    </ClCompile>
    <ClCompile Include="BasicBattle.cpp">
      <Filter>Pliki źródłowe\Encounters\Implementation\Battles</Filter>
    </ClCompile>
    <ClCompile Include="BattleWithRetreat.cpp">
      <Filter>Pliki źródłowe\Encounters\Implementation\Battles</Filter>
    </ClCompile>
    <ClCompile Include="MadCharacter.cpp">
      <Filter>Pliki źródłowe\Character\Implementation\Opponents</Filter>
    </ClCompile>
    <ClCompile Include="IOpponent.cpp">
      <Filter>Pliki źródłowe\Character\Abstraction</Filter>
    </ClCompile>
    <ClCompile Include="ICharacter.cpp">
      <Filter>Pliki źródłowe\Character\Abstraction</Filter>
    </ClCompile>
    <ClCompile Include="IBattle.cpp">
      <Filter>Pliki źródłowe\Encounters\Abstraction</Filter>
    </ClCompile>
    <ClCompile Include="IEncounter.cpp">
      <Filter>Pliki źródłowe\Encounters\Abstraction</Filter>
    </ClCompile>
    <ClCompile Include="IShop.cpp">
      <Filter>Pliki źródłowe\Encounters\Abstraction</Filter>
    </ClCompile>
    <ClCompile Include="IWearable.cpp">
      <Filter>Pliki źródłowe\Items\Abstraction</Filter>
    </ClCompile>
    <ClCompile Include="IFood.cpp">
      <Filter>Pliki źródłowe\Items\Abstraction</Filter>
    </ClCompile>
    <ClCompile Include="IGame.cpp">
      <Filter>Pliki źródłowe\Game\Abstraction</Filter>
    </ClCompile>
    <ClCompile Include="IMap.cpp">
      <Filter>Pliki źródłowe\Game\Abstraction</Filter>
    </ClCompile>
    <ClCompile Include="ILocation.cpp">
      <Filter>Pliki źródłowe\Locations\Abstraction</Filter>
    </ClCompile>
    <ClCompile Include="MysteriousWizardFactory.cpp">
      <Filter>Pliki źródłowe\Character\Implementation\Factories</Filter>
    </ClCompile>
    <ClCompile Include="Map.cpp">
      <Filter>Pliki źródłowe\Game\Implementation</Filter>
    </ClCompile>
    <ClCompile Include="GoldReward.cpp">
      <Filter>Pliki źródłowe\Encounters\Implementation\Rewards</Filter>
    </ClCompile>
    <ClCompile Include="ItemReward.cpp">
      <Filter>Pliki źródłowe\Encounters\Implementation\Rewards</Filter>
    </ClCompile>
    <ClCompile Include="TitledCharacter.cpp">
      <Filter>Pliki źródłowe\Character\Implementation</Filter>
    </ClCompile>
    <ClCompile Include="ICharacterDecorator.cpp">
      <Filter>Pliki źródłowe\Character\Abstraction</Filter>
    </ClCompile>
    <ClCompile Include="TitleReward.cpp">
      <Filter>Pliki źródłowe\Encounters\Implementation\Rewards</Filter>
    </ClCompile>
    <ClCompile Include="IItem.cpp">
      <Filter>Pliki źródłowe\Items\Abstraction</Filter>
    </ClCompile>
    <ClCompile Include="Location.cpp">
      <Filter>Pliki źródłowe\Locations\Implementation</Filter>
    </ClCompile>
    <ClCompile Include="Game.cpp">
      <Filter>Pliki źródłowe\Game\Implementation</Filter>
    </ClCompile>
    <ClCompile Include="ShopFactory.cpp">
      <Filter>Pliki źródłowe\Encounters\Implementation\Shops</Filter>
    </ClCompile>
    <ClCompile Include="BattleFactory.cpp">
      <Filter>Pliki źródłowe\Encounters\Implementation\Battles</Filter>
    </ClCompile>
    <ClCompile Include="Shop.cpp">
      <Filter>Pliki źródłowe\Encounters\Implementation\Shops</Filter>
    </ClCompile>
    <ClCompile Include="KillCountManager.cpp">
      <Filter>Pliki źródłowe\Achievements\Implementation</Filter>
    </ClCompile>
    <ClCompile Include="WinFormsUserInterface.cpp">
      <Filter>Pliki źródłowe\UserInterface\Implementation</Filter>
    </ClCompile>
    <ClCompile Include="IAchievementManager.cpp">
      <Filter>Pliki źródłowe\Achievements\Abstraction</Filter>
    </ClCompile>
    <ClCompile Include="AskQuestion.cpp">
      <Filter>Pliki źródłowe\UserInterface\Implementation</Filter>
    </ClCompile>
    <ClCompile Include="Vampire.cpp">
      <Filter>- Aga\Opponents</Filter>
    </ClCompile>
    <ClCompile Include="Battle1.cpp">
      <Filter>- Aga\Encounters</Filter>
    </ClCompile>
    <ClCompile Include="Shop1.cpp">
      <Filter>- Aga\Encounters</Filter>
    </ClCompile>
    <ClCompile Include="Amulet.cpp">
      <Filter>- Karina\Items</Filter>
    </ClCompile>
    <ClCompile Include="Chocolates.cpp">
      <Filter>- Karina\Items</Filter>
    </ClCompile>
    <ClCompile Include="RewardStatistics.cpp">
      <Filter>- Karina\Rewards</Filter>
    </ClCompile>
    <ClCompile Include="Witch.cpp">
      <Filter>- Aga\Opponents</Filter>
    </ClCompile>
    <ClCompile Include="RewardGold.cpp">
      <Filter>- Bartek Piekarz\Rewards</Filter>
    </ClCompile>
  </ItemGroup>
  <ItemGroup>
    <EmbeddedResource Include="AskQuestion.resx">
      <Filter>Pliki zasobów</Filter>
    </EmbeddedResource>
  </ItemGroup>
</Project>